
Microsoft Visual Studio Solution File, Format Version 12.00
# RemObjects Fire
Project("{656346D9-4656-40DA-A068-22D5425D4639}") = "Elements.Web", "Elements.Web.elements", "{19EB550E-1850-4B96-9677-07B444595C7B}"
EndProject
Global
	GlobalSection(SolutionConfigurationPlatforms) = preSolution
		Debug|AnyCPU = Debug|AnyCPU
		Release|AnyCPU = Release|AnyCPU
	EndGlobalSection
	GlobalSection(ProjectConfigurationPlatforms) = postSolution
		{19EB550E-1850-4B96-9677-07B444595C7B}.Debug|AnyCPU.ActiveCfg = Debug|AnyCPU
		{19EB550E-1850-4B96-9677-07B444595C7B}.Debug|AnyCPU.Build.0 = Debug|AnyCPU
		{19EB550E-1850-4B96-9677-07B444595C7B}.Release|AnyCPU.ActiveCfg = Release|AnyCPU
		{19EB550E-1850-4B96-9677-07B444595C7B}.Release|AnyCPU.Build.0 = Release|AnyCPU
	EndGlobalSection
	GlobalSection(SolutionProperties) = preSolution
		HideSolutionNode = FALSE
	EndGlobalSection
EndGlobal