
Microsoft Visual Studio Solution File, Format Version 12.00
# RemObjects Fire
Project("{656346D9-4656-40DA-A068-22D5425D4639}") = "Elements.Web", "Elements.Web.elements", "{19EB550E-1850-4B96-9677-07B444595C7B}"
EndProject
Project("{656346D9-4656-40DA-A068-22D5425D4639}") = "Elements.Web.ROSDK", "..\Elements.Web.ROSDK\Elements.Web.ROSDK.elements", "{38FD6097-7F00-459E-B0CC-F13ED68662AD}"
EndProject
Project("{656346D9-4656-40DA-A068-22D5425D4639}") = "Elements.Web.Tests", "..\..\Tests\Elements.Web.Tests.elements", "{74555101-2DA0-46B1-9186-20C6F1F237D8}"
EndProject
Project("{656346D9-4656-40DA-A068-22D5425D4639}") = "Elements.Web.TestSite", "..\..\Tests\TestSite\TestSite.elements", "{AAB7F2C7-6F61-41AF-BFD1-39988C8D32F4}"
EndProject
Global
	GlobalSection(SolutionConfigurationPlatforms) = preSolution
		Debug|AnyCPU = Debug|AnyCPU
		Release|AnyCPU = Release|AnyCPU
	EndGlobalSection
	GlobalSection(ProjectConfigurationPlatforms) = postSolution
		{19EB550E-1850-4B96-9677-07B444595C7B}.Debug|AnyCPU.ActiveCfg = Debug|AnyCPU
		{19EB550E-1850-4B96-9677-07B444595C7B}.Debug|AnyCPU.Build.0 = Debug|AnyCPU
		{19EB550E-1850-4B96-9677-07B444595C7B}.Release|AnyCPU.ActiveCfg = Release|AnyCPU
		{19EB550E-1850-4B96-9677-07B444595C7B}.Release|AnyCPU.Build.0 = Release|AnyCPU
		{38FD6097-7F00-459E-B0CC-F13ED68662AD}.Debug|AnyCPU.ActiveCfg = Debug|AnyCPU
		{38FD6097-7F00-459E-B0CC-F13ED68662AD}.Debug|AnyCPU.Build.0 = Debug|AnyCPU
		{38FD6097-7F00-459E-B0CC-F13ED68662AD}.Release|AnyCPU.ActiveCfg = Release|AnyCPU
		{38FD6097-7F00-459E-B0CC-F13ED68662AD}.Release|AnyCPU.Build.0 = Release|AnyCPU
		{74555101-2DA0-46B1-9186-20C6F1F237D8}.Debug|AnyCPU.ActiveCfg = Debug|AnyCPU
		{74555101-2DA0-46B1-9186-20C6F1F237D8}.Debug|AnyCPU.Build.0 = Debug|AnyCPU
		{74555101-2DA0-46B1-9186-20C6F1F237D8}.Release|AnyCPU.ActiveCfg = Release|AnyCPU
		{74555101-2DA0-46B1-9186-20C6F1F237D8}.Release|AnyCPU.Build.0 = Release|AnyCPU
		{AAB7F2C7-6F61-41AF-BFD1-39988C8D32F4}.Debug|AnyCPU.ActiveCfg = Debug|AnyCPU
		{AAB7F2C7-6F61-41AF-BFD1-39988C8D32F4}.Debug|AnyCPU.Build.0 = Debug|AnyCPU
		{AAB7F2C7-6F61-41AF-BFD1-39988C8D32F4}.Release|AnyCPU.ActiveCfg = Release|AnyCPU
		{AAB7F2C7-6F61-41AF-BFD1-39988C8D32F4}.Release|AnyCPU.Build.0 = Release|AnyCPU
	EndGlobalSection
	GlobalSection(SolutionProperties) = preSolution
		HideSolutionNode = FALSE
	EndGlobalSection
EndGlobal